
Microsoft Visual Studio Solution File, Format Version 12.00
# Visual Studio 14
VisualStudioVersion = 14.0.25420.1
MinimumVisualStudioVersion = 10.0.40219.1
Project("{2150E333-8FDC-42A3-9474-1A3956D46DE8}") = "OpenRiaServices", "OpenRiaServices", "{CC521FA5-FDA7-491D-9BAA-3D4F4715A42D}"
EndProject
Project("{FAE04EC0-301F-11D3-BF4B-00C04F79EFBC}") = "OpenRiaServices.DomainServices.Client", "..\openriaservices\OpenRiaServices.DomainServices.Client\Framework\Desktop\OpenRiaServices.DomainServices.Client.csproj", "{3F4FBBD2-A634-44C7-9DEF-D71F349E706C}"
EndProject
Project("{2150E333-8FDC-42A3-9474-1A3956D46DE8}") = "Benchmarks", "Benchmarks", "{B1C61947-177C-4B45-ADFA-E228E579D3D7}"
EndProject
Project("{FAE04EC0-301F-11D3-BF4B-00C04F79EFBC}") = "OpenRiaServices.Client.Benchmarks", "OpenRiaServices.Client.Benchmarks\OpenRiaServices.Client.Benchmarks.csproj", "{EC43FF26-1F7A-4852-BF8B-A1443353C236}"
EndProject
Global
	GlobalSection(SolutionConfigurationPlatforms) = preSolution
		Debug|Any CPU = Debug|Any CPU
		Release|Any CPU = Release|Any CPU
		Signed|Any CPU = Signed|Any CPU
	EndGlobalSection
	GlobalSection(ProjectConfigurationPlatforms) = postSolution
		{3F4FBBD2-A634-44C7-9DEF-D71F349E706C}.Debug|Any CPU.ActiveCfg = Debug|Any CPU
		{3F4FBBD2-A634-44C7-9DEF-D71F349E706C}.Debug|Any CPU.Build.0 = Debug|Any CPU
		{3F4FBBD2-A634-44C7-9DEF-D71F349E706C}.Release|Any CPU.ActiveCfg = Release|Any CPU
		{3F4FBBD2-A634-44C7-9DEF-D71F349E706C}.Release|Any CPU.Build.0 = Release|Any CPU
		{3F4FBBD2-A634-44C7-9DEF-D71F349E706C}.Signed|Any CPU.ActiveCfg = Signed|Any CPU
		{3F4FBBD2-A634-44C7-9DEF-D71F349E706C}.Signed|Any CPU.Build.0 = Signed|Any CPU
		{EC43FF26-1F7A-4852-BF8B-A1443353C236}.Debug|Any CPU.ActiveCfg = Debug|Any CPU
		{EC43FF26-1F7A-4852-BF8B-A1443353C236}.Debug|Any CPU.Build.0 = Debug|Any CPU
		{EC43FF26-1F7A-4852-BF8B-A1443353C236}.Release|Any CPU.ActiveCfg = Release|Any CPU
		{EC43FF26-1F7A-4852-BF8B-A1443353C236}.Release|Any CPU.Build.0 = Release|Any CPU
		{EC43FF26-1F7A-4852-BF8B-A1443353C236}.Signed|Any CPU.ActiveCfg = Release|Any CPU
		{EC43FF26-1F7A-4852-BF8B-A1443353C236}.Signed|Any CPU.Build.0 = Release|Any CPU
	EndGlobalSection
	GlobalSection(SolutionProperties) = preSolution
		HideSolutionNode = FALSE
	EndGlobalSection
	GlobalSection(NestedProjects) = preSolution
		{3F4FBBD2-A634-44C7-9DEF-D71F349E706C} = {CC521FA5-FDA7-491D-9BAA-3D4F4715A42D}
		{EC43FF26-1F7A-4852-BF8B-A1443353C236} = {B1C61947-177C-4B45-ADFA-E228E579D3D7}
	EndGlobalSection
EndGlobal
