
Microsoft Visual Studio Solution File, Format Version 12.00
# Visual Studio 15
VisualStudioVersion = 15.0.27428.2037
MinimumVisualStudioVersion = 10.0.40219.1
Project("{2150E333-8FDC-42A3-9474-1A3956D46DE8}") = "OpenRiaServices", "OpenRiaServices", "{CC521FA5-FDA7-491D-9BAA-3D4F4715A42D}"
EndProject
Project("{9A19103F-16F7-4668-BE54-9A1E7A4F7556}") = "OpenRiaServices.DomainServices.Client", "..\openriaservices\OpenRiaServices.DomainServices.Client\Framework\OpenRiaServices.DomainServices.Client.csproj", "{3F4FBBD2-A634-44C7-9DEF-D71F349E706C}"
EndProject
Project("{2150E333-8FDC-42A3-9474-1A3956D46DE8}") = "Benchmarks", "Benchmarks", "{B1C61947-177C-4B45-ADFA-E228E579D3D7}"
EndProject
Project("{FAE04EC0-301F-11D3-BF4B-00C04F79EFBC}") = "OpenRiaServices.Client.Benchmarks", "OpenRiaServices.Client.Benchmarks\OpenRiaServices.Client.Benchmarks.csproj", "{EC43FF26-1F7A-4852-BF8B-A1443353C236}"
EndProject
Project("{9A19103F-16F7-4668-BE54-9A1E7A4F7556}") = "OpenRiaServices.DomainServices.Hosting", "..\OpenRiaServices\OpenRiaServices.DomainServices.Hosting\Framework\OpenRiaServices.DomainServices.Hosting.csproj", "{E3844512-48A8-451A-9BE4-AC7793016B9D}"
EndProject
Project("{9A19103F-16F7-4668-BE54-9A1E7A4F7556}") = "OpenRiaServices.DomainServices.Server", "..\OpenRiaServices\OpenRiaServices.DomainServices.Server\Framework\OpenRiaServices.DomainServices.Server.csproj", "{72E74082-7928-4A70-83C1-49806B942FCB}"
EndProject
Project("{9A19103F-16F7-4668-BE54-9A1E7A4F7556}") = "OpenRiaServices.DomainServices.Client.Web", "..\OpenRiaServices\OpenRiaServices.DomainServices.Client.Web\Framework\OpenRiaServices.DomainServices.Client.Web.csproj", "{BDB2F9A3-5FC7-45FD-8496-B23752232688}"
EndProject
Global
	GlobalSection(SolutionConfigurationPlatforms) = preSolution
		Debug|Any CPU = Debug|Any CPU
		Release|Any CPU = Release|Any CPU
		Signed|Any CPU = Signed|Any CPU
	EndGlobalSection
	GlobalSection(ProjectConfigurationPlatforms) = postSolution
		{3F4FBBD2-A634-44C7-9DEF-D71F349E706C}.Debug|Any CPU.ActiveCfg = Debug|Any CPU
		{3F4FBBD2-A634-44C7-9DEF-D71F349E706C}.Debug|Any CPU.Build.0 = Debug|Any CPU
		{3F4FBBD2-A634-44C7-9DEF-D71F349E706C}.Release|Any CPU.ActiveCfg = Release|Any CPU
		{3F4FBBD2-A634-44C7-9DEF-D71F349E706C}.Release|Any CPU.Build.0 = Release|Any CPU
		{3F4FBBD2-A634-44C7-9DEF-D71F349E706C}.Signed|Any CPU.ActiveCfg = Release|Any CPU
		{3F4FBBD2-A634-44C7-9DEF-D71F349E706C}.Signed|Any CPU.Build.0 = Release|Any CPU
		{EC43FF26-1F7A-4852-BF8B-A1443353C236}.Debug|Any CPU.ActiveCfg = Debug|Any CPU
		{EC43FF26-1F7A-4852-BF8B-A1443353C236}.Debug|Any CPU.Build.0 = Debug|Any CPU
		{EC43FF26-1F7A-4852-BF8B-A1443353C236}.Release|Any CPU.ActiveCfg = Release|Any CPU
		{EC43FF26-1F7A-4852-BF8B-A1443353C236}.Release|Any CPU.Build.0 = Release|Any CPU
		{EC43FF26-1F7A-4852-BF8B-A1443353C236}.Signed|Any CPU.ActiveCfg = Release|Any CPU
		{EC43FF26-1F7A-4852-BF8B-A1443353C236}.Signed|Any CPU.Build.0 = Release|Any CPU
		{E3844512-48A8-451A-9BE4-AC7793016B9D}.Debug|Any CPU.ActiveCfg = Debug|Any CPU
		{E3844512-48A8-451A-9BE4-AC7793016B9D}.Debug|Any CPU.Build.0 = Debug|Any CPU
		{E3844512-48A8-451A-9BE4-AC7793016B9D}.Release|Any CPU.ActiveCfg = Release|Any CPU
		{E3844512-48A8-451A-9BE4-AC7793016B9D}.Release|Any CPU.Build.0 = Release|Any CPU
		{E3844512-48A8-451A-9BE4-AC7793016B9D}.Signed|Any CPU.ActiveCfg = Release|Any CPU
		{E3844512-48A8-451A-9BE4-AC7793016B9D}.Signed|Any CPU.Build.0 = Release|Any CPU
		{72E74082-7928-4A70-83C1-49806B942FCB}.Debug|Any CPU.ActiveCfg = Debug|Any CPU
		{72E74082-7928-4A70-83C1-49806B942FCB}.Debug|Any CPU.Build.0 = Debug|Any CPU
		{72E74082-7928-4A70-83C1-49806B942FCB}.Release|Any CPU.ActiveCfg = Release|Any CPU
		{72E74082-7928-4A70-83C1-49806B942FCB}.Release|Any CPU.Build.0 = Release|Any CPU
		{72E74082-7928-4A70-83C1-49806B942FCB}.Signed|Any CPU.ActiveCfg = Release|Any CPU
		{72E74082-7928-4A70-83C1-49806B942FCB}.Signed|Any CPU.Build.0 = Release|Any CPU
		{BDB2F9A3-5FC7-45FD-8496-B23752232688}.Debug|Any CPU.ActiveCfg = Debug|Any CPU
		{BDB2F9A3-5FC7-45FD-8496-B23752232688}.Debug|Any CPU.Build.0 = Debug|Any CPU
		{BDB2F9A3-5FC7-45FD-8496-B23752232688}.Release|Any CPU.ActiveCfg = Release|Any CPU
		{BDB2F9A3-5FC7-45FD-8496-B23752232688}.Release|Any CPU.Build.0 = Release|Any CPU
		{BDB2F9A3-5FC7-45FD-8496-B23752232688}.Signed|Any CPU.ActiveCfg = Release|Any CPU
		{BDB2F9A3-5FC7-45FD-8496-B23752232688}.Signed|Any CPU.Build.0 = Release|Any CPU
	EndGlobalSection
	GlobalSection(SolutionProperties) = preSolution
		HideSolutionNode = FALSE
	EndGlobalSection
	GlobalSection(NestedProjects) = preSolution
		{3F4FBBD2-A634-44C7-9DEF-D71F349E706C} = {CC521FA5-FDA7-491D-9BAA-3D4F4715A42D}
		{EC43FF26-1F7A-4852-BF8B-A1443353C236} = {B1C61947-177C-4B45-ADFA-E228E579D3D7}
		{E3844512-48A8-451A-9BE4-AC7793016B9D} = {CC521FA5-FDA7-491D-9BAA-3D4F4715A42D}
		{72E74082-7928-4A70-83C1-49806B942FCB} = {CC521FA5-FDA7-491D-9BAA-3D4F4715A42D}
		{BDB2F9A3-5FC7-45FD-8496-B23752232688} = {CC521FA5-FDA7-491D-9BAA-3D4F4715A42D}
	EndGlobalSection
	GlobalSection(ExtensibilityGlobals) = postSolution
		SolutionGuid = {593EA07D-8EEC-4DAA-9B48-DA7717C3A80F}
	EndGlobalSection
EndGlobal
