
Microsoft Visual Studio Solution File, Format Version 12.00
# Visual Studio Version 16
VisualStudioVersion = 16.0.28902.138
MinimumVisualStudioVersion = 10.0.40219.1
Project("{2150E333-8FDC-42A3-9474-1A3956D46DE8}") = "OpenRiaServices", "OpenRiaServices", "{CC521FA5-FDA7-491D-9BAA-3D4F4715A42D}"
EndProject
Project("{2150E333-8FDC-42A3-9474-1A3956D46DE8}") = "Benchmarks", "Benchmarks", "{B1C61947-177C-4B45-ADFA-E228E579D3D7}"
EndProject
Project("{FAE04EC0-301F-11D3-BF4B-00C04F79EFBC}") = "OpenRiaServices.Client.Benchmarks", "OpenRiaServices.Client.Benchmarks\OpenRiaServices.Client.Benchmarks.csproj", "{EC43FF26-1F7A-4852-BF8B-A1443353C236}"
EndProject
Project("{9A19103F-16F7-4668-BE54-9A1E7A4F7556}") = "OpenRiaServices.DomainServices.Server", "..\openriaservices\OpenRiaServices.DomainServices.Server\Framework\OpenRiaServices.DomainServices.Server.csproj", "{72E74082-7928-4A70-83C1-49806B942FCB}"
EndProject
Project("{9A19103F-16F7-4668-BE54-9A1E7A4F7556}") = "OpenRiaServices.DomainServices.Hosting", "..\openriaservices\OpenRiaServices.DomainServices.Hosting\Framework\OpenRiaServices.DomainServices.Hosting.csproj", "{E3844512-48A8-451A-9BE4-AC7793016B9D}"
EndProject
Project("{9A19103F-16F7-4668-BE54-9A1E7A4F7556}") = "OpenRiaServices.DomainServices.Hosting.Endpoint", "..\openriaservices\OpenRiaServices.DomainServices.Hosting.Endpoint\Framework\OpenRiaServices.DomainServices.Hosting.Endpoint.csproj", "{063022B7-FAF8-43FB-B605-30A5F29910C1}"
EndProject
Project("{9A19103F-16F7-4668-BE54-9A1E7A4F7556}") = "OpenRiaServices.DomainServices.Client", "..\openriaservices\OpenRiaServices.DomainServices.Client\Framework\OpenRiaServices.DomainServices.Client.csproj", "{B63028C7-B43C-42D0-BEE1-09EC310C572A}"
EndProject
Project("{9A19103F-16F7-4668-BE54-9A1E7A4F7556}") = "OpenRiaServices.DomainServices.Client.Web", "..\openriaservices\OpenRiaServices.DomainServices.Client.Web\Framework\OpenRiaServices.DomainServices.Client.Web.csproj", "{F4AF96A9-94E2-44DD-83C4-C691F4C04166}"
EndProject
Global
	GlobalSection(SolutionConfigurationPlatforms) = preSolution
		CodeCov|Any CPU = CodeCov|Any CPU
		Debug|Any CPU = Debug|Any CPU
		DebugNet40|Any CPU = DebugNet40|Any CPU
		MyGet|Any CPU = MyGet|Any CPU
		MyGet40|Any CPU = MyGet40|Any CPU
		Release|Any CPU = Release|Any CPU
		ReleaseNet40|Any CPU = ReleaseNet40|Any CPU
		Signed|Any CPU = Signed|Any CPU
	EndGlobalSection
	GlobalSection(ProjectConfigurationPlatforms) = postSolution
		{EC43FF26-1F7A-4852-BF8B-A1443353C236}.CodeCov|Any CPU.ActiveCfg = Release|Any CPU
		{EC43FF26-1F7A-4852-BF8B-A1443353C236}.CodeCov|Any CPU.Build.0 = Release|Any CPU
		{EC43FF26-1F7A-4852-BF8B-A1443353C236}.Debug|Any CPU.ActiveCfg = Debug|Any CPU
		{EC43FF26-1F7A-4852-BF8B-A1443353C236}.Debug|Any CPU.Build.0 = Debug|Any CPU
		{EC43FF26-1F7A-4852-BF8B-A1443353C236}.DebugNet40|Any CPU.ActiveCfg = Debug|Any CPU
		{EC43FF26-1F7A-4852-BF8B-A1443353C236}.DebugNet40|Any CPU.Build.0 = Debug|Any CPU
		{EC43FF26-1F7A-4852-BF8B-A1443353C236}.MyGet|Any CPU.ActiveCfg = Release|Any CPU
		{EC43FF26-1F7A-4852-BF8B-A1443353C236}.MyGet|Any CPU.Build.0 = Release|Any CPU
		{EC43FF26-1F7A-4852-BF8B-A1443353C236}.MyGet40|Any CPU.ActiveCfg = Release|Any CPU
		{EC43FF26-1F7A-4852-BF8B-A1443353C236}.MyGet40|Any CPU.Build.0 = Release|Any CPU
		{EC43FF26-1F7A-4852-BF8B-A1443353C236}.Release|Any CPU.ActiveCfg = Release|Any CPU
		{EC43FF26-1F7A-4852-BF8B-A1443353C236}.Release|Any CPU.Build.0 = Release|Any CPU
		{EC43FF26-1F7A-4852-BF8B-A1443353C236}.ReleaseNet40|Any CPU.ActiveCfg = Release|Any CPU
		{EC43FF26-1F7A-4852-BF8B-A1443353C236}.ReleaseNet40|Any CPU.Build.0 = Release|Any CPU
		{EC43FF26-1F7A-4852-BF8B-A1443353C236}.Signed|Any CPU.ActiveCfg = Release|Any CPU
		{EC43FF26-1F7A-4852-BF8B-A1443353C236}.Signed|Any CPU.Build.0 = Release|Any CPU
		{72E74082-7928-4A70-83C1-49806B942FCB}.CodeCov|Any CPU.ActiveCfg = Release|Any CPU
		{72E74082-7928-4A70-83C1-49806B942FCB}.CodeCov|Any CPU.Build.0 = Release|Any CPU
		{72E74082-7928-4A70-83C1-49806B942FCB}.Debug|Any CPU.ActiveCfg = Debug|Any CPU
		{72E74082-7928-4A70-83C1-49806B942FCB}.Debug|Any CPU.Build.0 = Debug|Any CPU
		{72E74082-7928-4A70-83C1-49806B942FCB}.DebugNet40|Any CPU.ActiveCfg = Debug|Any CPU
		{72E74082-7928-4A70-83C1-49806B942FCB}.DebugNet40|Any CPU.Build.0 = Debug|Any CPU
		{72E74082-7928-4A70-83C1-49806B942FCB}.MyGet|Any CPU.ActiveCfg = Release|Any CPU
		{72E74082-7928-4A70-83C1-49806B942FCB}.MyGet|Any CPU.Build.0 = Release|Any CPU
		{72E74082-7928-4A70-83C1-49806B942FCB}.MyGet40|Any CPU.ActiveCfg = Release|Any CPU
		{72E74082-7928-4A70-83C1-49806B942FCB}.MyGet40|Any CPU.Build.0 = Release|Any CPU
		{72E74082-7928-4A70-83C1-49806B942FCB}.Release|Any CPU.ActiveCfg = Release|Any CPU
		{72E74082-7928-4A70-83C1-49806B942FCB}.Release|Any CPU.Build.0 = Release|Any CPU
		{72E74082-7928-4A70-83C1-49806B942FCB}.ReleaseNet40|Any CPU.ActiveCfg = Release|Any CPU
		{72E74082-7928-4A70-83C1-49806B942FCB}.ReleaseNet40|Any CPU.Build.0 = Release|Any CPU
		{72E74082-7928-4A70-83C1-49806B942FCB}.Signed|Any CPU.ActiveCfg = Release|Any CPU
		{72E74082-7928-4A70-83C1-49806B942FCB}.Signed|Any CPU.Build.0 = Release|Any CPU
		{E3844512-48A8-451A-9BE4-AC7793016B9D}.CodeCov|Any CPU.ActiveCfg = Release|Any CPU
		{E3844512-48A8-451A-9BE4-AC7793016B9D}.CodeCov|Any CPU.Build.0 = Release|Any CPU
		{E3844512-48A8-451A-9BE4-AC7793016B9D}.Debug|Any CPU.ActiveCfg = Debug|Any CPU
		{E3844512-48A8-451A-9BE4-AC7793016B9D}.Debug|Any CPU.Build.0 = Debug|Any CPU
		{E3844512-48A8-451A-9BE4-AC7793016B9D}.DebugNet40|Any CPU.ActiveCfg = Debug|Any CPU
		{E3844512-48A8-451A-9BE4-AC7793016B9D}.DebugNet40|Any CPU.Build.0 = Debug|Any CPU
		{E3844512-48A8-451A-9BE4-AC7793016B9D}.MyGet|Any CPU.ActiveCfg = Release|Any CPU
		{E3844512-48A8-451A-9BE4-AC7793016B9D}.MyGet|Any CPU.Build.0 = Release|Any CPU
		{E3844512-48A8-451A-9BE4-AC7793016B9D}.MyGet40|Any CPU.ActiveCfg = Release|Any CPU
		{E3844512-48A8-451A-9BE4-AC7793016B9D}.MyGet40|Any CPU.Build.0 = Release|Any CPU
		{E3844512-48A8-451A-9BE4-AC7793016B9D}.Release|Any CPU.ActiveCfg = Release|Any CPU
		{E3844512-48A8-451A-9BE4-AC7793016B9D}.Release|Any CPU.Build.0 = Release|Any CPU
		{E3844512-48A8-451A-9BE4-AC7793016B9D}.ReleaseNet40|Any CPU.ActiveCfg = Release|Any CPU
		{E3844512-48A8-451A-9BE4-AC7793016B9D}.ReleaseNet40|Any CPU.Build.0 = Release|Any CPU
		{E3844512-48A8-451A-9BE4-AC7793016B9D}.Signed|Any CPU.ActiveCfg = Release|Any CPU
		{E3844512-48A8-451A-9BE4-AC7793016B9D}.Signed|Any CPU.Build.0 = Release|Any CPU
		{063022B7-FAF8-43FB-B605-30A5F29910C1}.CodeCov|Any CPU.ActiveCfg = Release|Any CPU
		{063022B7-FAF8-43FB-B605-30A5F29910C1}.CodeCov|Any CPU.Build.0 = Release|Any CPU
		{063022B7-FAF8-43FB-B605-30A5F29910C1}.Debug|Any CPU.ActiveCfg = Debug|Any CPU
		{063022B7-FAF8-43FB-B605-30A5F29910C1}.Debug|Any CPU.Build.0 = Debug|Any CPU
		{063022B7-FAF8-43FB-B605-30A5F29910C1}.DebugNet40|Any CPU.ActiveCfg = Debug|Any CPU
		{063022B7-FAF8-43FB-B605-30A5F29910C1}.DebugNet40|Any CPU.Build.0 = Debug|Any CPU
		{063022B7-FAF8-43FB-B605-30A5F29910C1}.MyGet|Any CPU.ActiveCfg = Release|Any CPU
		{063022B7-FAF8-43FB-B605-30A5F29910C1}.MyGet|Any CPU.Build.0 = Release|Any CPU
		{063022B7-FAF8-43FB-B605-30A5F29910C1}.MyGet40|Any CPU.ActiveCfg = Release|Any CPU
		{063022B7-FAF8-43FB-B605-30A5F29910C1}.MyGet40|Any CPU.Build.0 = Release|Any CPU
		{063022B7-FAF8-43FB-B605-30A5F29910C1}.Release|Any CPU.ActiveCfg = Release|Any CPU
		{063022B7-FAF8-43FB-B605-30A5F29910C1}.Release|Any CPU.Build.0 = Release|Any CPU
		{063022B7-FAF8-43FB-B605-30A5F29910C1}.ReleaseNet40|Any CPU.ActiveCfg = Release|Any CPU
		{063022B7-FAF8-43FB-B605-30A5F29910C1}.ReleaseNet40|Any CPU.Build.0 = Release|Any CPU
		{063022B7-FAF8-43FB-B605-30A5F29910C1}.Signed|Any CPU.ActiveCfg = Release|Any CPU
		{063022B7-FAF8-43FB-B605-30A5F29910C1}.Signed|Any CPU.Build.0 = Release|Any CPU
		{B63028C7-B43C-42D0-BEE1-09EC310C572A}.CodeCov|Any CPU.ActiveCfg = Release|Any CPU
		{B63028C7-B43C-42D0-BEE1-09EC310C572A}.CodeCov|Any CPU.Build.0 = Release|Any CPU
		{B63028C7-B43C-42D0-BEE1-09EC310C572A}.Debug|Any CPU.ActiveCfg = Debug|Any CPU
		{B63028C7-B43C-42D0-BEE1-09EC310C572A}.Debug|Any CPU.Build.0 = Debug|Any CPU
		{B63028C7-B43C-42D0-BEE1-09EC310C572A}.DebugNet40|Any CPU.ActiveCfg = Debug|Any CPU
		{B63028C7-B43C-42D0-BEE1-09EC310C572A}.DebugNet40|Any CPU.Build.0 = Debug|Any CPU
		{B63028C7-B43C-42D0-BEE1-09EC310C572A}.MyGet|Any CPU.ActiveCfg = Release|Any CPU
		{B63028C7-B43C-42D0-BEE1-09EC310C572A}.MyGet|Any CPU.Build.0 = Release|Any CPU
		{B63028C7-B43C-42D0-BEE1-09EC310C572A}.MyGet40|Any CPU.ActiveCfg = Release|Any CPU
		{B63028C7-B43C-42D0-BEE1-09EC310C572A}.MyGet40|Any CPU.Build.0 = Release|Any CPU
		{B63028C7-B43C-42D0-BEE1-09EC310C572A}.Release|Any CPU.ActiveCfg = Release|Any CPU
		{B63028C7-B43C-42D0-BEE1-09EC310C572A}.Release|Any CPU.Build.0 = Release|Any CPU
		{B63028C7-B43C-42D0-BEE1-09EC310C572A}.ReleaseNet40|Any CPU.ActiveCfg = Release|Any CPU
		{B63028C7-B43C-42D0-BEE1-09EC310C572A}.ReleaseNet40|Any CPU.Build.0 = Release|Any CPU
		{B63028C7-B43C-42D0-BEE1-09EC310C572A}.Signed|Any CPU.ActiveCfg = Release|Any CPU
		{B63028C7-B43C-42D0-BEE1-09EC310C572A}.Signed|Any CPU.Build.0 = Release|Any CPU
		{F4AF96A9-94E2-44DD-83C4-C691F4C04166}.CodeCov|Any CPU.ActiveCfg = Release|Any CPU
		{F4AF96A9-94E2-44DD-83C4-C691F4C04166}.CodeCov|Any CPU.Build.0 = Release|Any CPU
		{F4AF96A9-94E2-44DD-83C4-C691F4C04166}.Debug|Any CPU.ActiveCfg = Debug|Any CPU
		{F4AF96A9-94E2-44DD-83C4-C691F4C04166}.Debug|Any CPU.Build.0 = Debug|Any CPU
		{F4AF96A9-94E2-44DD-83C4-C691F4C04166}.DebugNet40|Any CPU.ActiveCfg = Debug|Any CPU
		{F4AF96A9-94E2-44DD-83C4-C691F4C04166}.DebugNet40|Any CPU.Build.0 = Debug|Any CPU
		{F4AF96A9-94E2-44DD-83C4-C691F4C04166}.MyGet|Any CPU.ActiveCfg = Release|Any CPU
		{F4AF96A9-94E2-44DD-83C4-C691F4C04166}.MyGet|Any CPU.Build.0 = Release|Any CPU
		{F4AF96A9-94E2-44DD-83C4-C691F4C04166}.MyGet40|Any CPU.ActiveCfg = Release|Any CPU
		{F4AF96A9-94E2-44DD-83C4-C691F4C04166}.MyGet40|Any CPU.Build.0 = Release|Any CPU
		{F4AF96A9-94E2-44DD-83C4-C691F4C04166}.Release|Any CPU.ActiveCfg = Release|Any CPU
		{F4AF96A9-94E2-44DD-83C4-C691F4C04166}.Release|Any CPU.Build.0 = Release|Any CPU
		{F4AF96A9-94E2-44DD-83C4-C691F4C04166}.ReleaseNet40|Any CPU.ActiveCfg = Release|Any CPU
		{F4AF96A9-94E2-44DD-83C4-C691F4C04166}.ReleaseNet40|Any CPU.Build.0 = Release|Any CPU
		{F4AF96A9-94E2-44DD-83C4-C691F4C04166}.Signed|Any CPU.ActiveCfg = Release|Any CPU
		{F4AF96A9-94E2-44DD-83C4-C691F4C04166}.Signed|Any CPU.Build.0 = Release|Any CPU
	EndGlobalSection
	GlobalSection(SolutionProperties) = preSolution
		HideSolutionNode = FALSE
	EndGlobalSection
	GlobalSection(NestedProjects) = preSolution
		{EC43FF26-1F7A-4852-BF8B-A1443353C236} = {B1C61947-177C-4B45-ADFA-E228E579D3D7}
		{72E74082-7928-4A70-83C1-49806B942FCB} = {CC521FA5-FDA7-491D-9BAA-3D4F4715A42D}
		{E3844512-48A8-451A-9BE4-AC7793016B9D} = {CC521FA5-FDA7-491D-9BAA-3D4F4715A42D}
		{063022B7-FAF8-43FB-B605-30A5F29910C1} = {CC521FA5-FDA7-491D-9BAA-3D4F4715A42D}
		{B63028C7-B43C-42D0-BEE1-09EC310C572A} = {CC521FA5-FDA7-491D-9BAA-3D4F4715A42D}
		{F4AF96A9-94E2-44DD-83C4-C691F4C04166} = {CC521FA5-FDA7-491D-9BAA-3D4F4715A42D}
	EndGlobalSection
	GlobalSection(ExtensibilityGlobals) = postSolution
		SolutionGuid = {593EA07D-8EEC-4DAA-9B48-DA7717C3A80F}
	EndGlobalSection
	GlobalSection(Performance) = preSolution
		HasPerformanceSessions = true
	EndGlobalSection
	GlobalSection(Performance) = preSolution
		HasPerformanceSessions = true
	EndGlobalSection
EndGlobal
